
Microsoft Visual Studio Solution File, Format Version 12.00
# Visual Studio Version 16
VisualStudioVersion = 16.0.31729.503
MinimumVisualStudioVersion = 10.0.40219.1
Project("{9A19103F-16F7-4668-BE54-9A1E7A4F7556}") = "Notebook.Api", "Notebook.Api\Notebook.Api.csproj", "{D64A4FCB-C64B-434D-B5FD-D9DA8F2325E4}"
EndProject
Project("{9A19103F-16F7-4668-BE54-9A1E7A4F7556}") = "Notebook.Authentication", "Notebook.Authentication\Notebook.Authentication\Notebook.Authentication.csproj", "{A7621FA7-1411-4794-AD84-0C7191F5C2DA}"
EndProject
Project("{9A19103F-16F7-4668-BE54-9A1E7A4F7556}") = "Notebook.Database", "Notebook.Database\Notebook.Database\Notebook.Database.csproj", "{602C2ACD-E2DF-4985-AAB0-EF61873CC7C1}"
EndProject
Project("{9A19103F-16F7-4668-BE54-9A1E7A4F7556}") = "NoteBook.ImageService", "NoteBook.ImageService\NoteBook.ImageService\NoteBook.ImageService.csproj", "{7FE406BA-DB0D-4A47-BD0B-4405875B0108}"
EndProject
Global
	GlobalSection(SolutionConfigurationPlatforms) = preSolution
		Debug|Any CPU = Debug|Any CPU
		Release|Any CPU = Release|Any CPU
	EndGlobalSection
	GlobalSection(ProjectConfigurationPlatforms) = postSolution
		{D64A4FCB-C64B-434D-B5FD-D9DA8F2325E4}.Debug|Any CPU.ActiveCfg = Debug|Any CPU
		{D64A4FCB-C64B-434D-B5FD-D9DA8F2325E4}.Debug|Any CPU.Build.0 = Debug|Any CPU
		{D64A4FCB-C64B-434D-B5FD-D9DA8F2325E4}.Release|Any CPU.ActiveCfg = Release|Any CPU
		{D64A4FCB-C64B-434D-B5FD-D9DA8F2325E4}.Release|Any CPU.Build.0 = Release|Any CPU
		{A7621FA7-1411-4794-AD84-0C7191F5C2DA}.Debug|Any CPU.ActiveCfg = Debug|Any CPU
		{A7621FA7-1411-4794-AD84-0C7191F5C2DA}.Debug|Any CPU.Build.0 = Debug|Any CPU
		{A7621FA7-1411-4794-AD84-0C7191F5C2DA}.Release|Any CPU.ActiveCfg = Release|Any CPU
		{A7621FA7-1411-4794-AD84-0C7191F5C2DA}.Release|Any CPU.Build.0 = Release|Any CPU
		{602C2ACD-E2DF-4985-AAB0-EF61873CC7C1}.Debug|Any CPU.ActiveCfg = Debug|Any CPU
		{602C2ACD-E2DF-4985-AAB0-EF61873CC7C1}.Debug|Any CPU.Build.0 = Debug|Any CPU
		{602C2ACD-E2DF-4985-AAB0-EF61873CC7C1}.Release|Any CPU.ActiveCfg = Release|Any CPU
		{602C2ACD-E2DF-4985-AAB0-EF61873CC7C1}.Release|Any CPU.Build.0 = Release|Any CPU
		{7FE406BA-DB0D-4A47-BD0B-4405875B0108}.Debug|Any CPU.ActiveCfg = Debug|Any CPU
		{7FE406BA-DB0D-4A47-BD0B-4405875B0108}.Debug|Any CPU.Build.0 = Debug|Any CPU
		{7FE406BA-DB0D-4A47-BD0B-4405875B0108}.Release|Any CPU.ActiveCfg = Release|Any CPU
		{7FE406BA-DB0D-4A47-BD0B-4405875B0108}.Release|Any CPU.Build.0 = Release|Any CPU
	EndGlobalSection
	GlobalSection(SolutionProperties) = preSolution
		HideSolutionNode = FALSE
	EndGlobalSection
	GlobalSection(ExtensibilityGlobals) = postSolution
		SolutionGuid = {A49441E5-D319-4862-BA44-158B98040BBE}
	EndGlobalSection
EndGlobal
